// !$*UTF8*$!
{
	archiveVersion = 1;
	classes = {
	};
	objectVersion = 46;
	objects = {

/* Begin PBXBuildFile section */
		3A2744B61D40183000CB23BD /* libsqlite3.tbd in Frameworks */ = {isa = PBXBuildFile; fileRef = 3A2744B51D40183000CB23BD /* libsqlite3.tbd */; };
		3A2744DB1D412D1000CB23BD /* AppDelegate.m in Sources */ = {isa = PBXBuildFile; fileRef = 3A2744C71D412D1000CB23BD /* AppDelegate.m */; };
		3A2744DC1D412D1000CB23BD /* Assets.xcassets in Resources */ = {isa = PBXBuildFile; fileRef = 3A2744C81D412D1000CB23BD /* Assets.xcassets */; };
		3A2744DE1D412D1000CB23BD /* calculationListVC.m in Sources */ = {isa = PBXBuildFile; fileRef = 3A2744CC1D412D1000CB23BD /* calculationListVC.m */; };
		3A2744DF1D412D1000CB23BD /* calculationNSO.m in Sources */ = {isa = PBXBuildFile; fileRef = 3A2744CE1D412D1000CB23BD /* calculationNSO.m */; };
		3A2744E21D412D1000CB23BD /* LaunchScreen.storyboard in Resources */ = {isa = PBXBuildFile; fileRef = 3A2744D21D412D1000CB23BD /* LaunchScreen.storyboard */; };
		3A2744E31D412D1000CB23BD /* main.m in Sources */ = {isa = PBXBuildFile; fileRef = 3A2744D31D412D1000CB23BD /* main.m */; };
		3A2744E41D412D1000CB23BD /* Main.storyboard in Resources */ = {isa = PBXBuildFile; fileRef = 3A2744D41D412D1000CB23BD /* Main.storyboard */; };
		3A2744E51D412D1000CB23BD /* portNSO.m in Sources */ = {isa = PBXBuildFile; fileRef = 3A2744D61D412D1000CB23BD /* portNSO.m */; };
		3A2744E61D412D1000CB23BD /* vesselNSO.m in Sources */ = {isa = PBXBuildFile; fileRef = 3A2744D81D412D1000CB23BD /* vesselNSO.m */; };
		3A2744E71D412D1000CB23BD /* ViewController.m in Sources */ = {isa = PBXBuildFile; fileRef = 3A2744DA1D412D1000CB23BD /* ViewController.m */; };
		3A2744EC1D412D6C00CB23BD /* Default-568h@2x.png in Resources */ = {isa = PBXBuildFile; fileRef = 3A2744EB1D412D6C00CB23BD /* Default-568h@2x.png */; };
		3A2744F21D412E7200CB23BD /* dbHelper.m in Sources */ = {isa = PBXBuildFile; fileRef = 3A2744F11D412E7200CB23BD /* dbHelper.m */; };
		3A2744F51D41300A00CB23BD /* Info.plist in Resources */ = {isa = PBXBuildFile; fileRef = 3A2744F41D41300A00CB23BD /* Info.plist */; };
		3A2744F81D4130AD00CB23BD /* calculationDetailVC.m in Sources */ = {isa = PBXBuildFile; fileRef = 3A2744F71D4130AD00CB23BD /* calculationDetailVC.m */; };
		3A2744FB1D41318D00CB23BD /* calculationNC.m in Sources */ = {isa = PBXBuildFile; fileRef = 3A2744FA1D41318D00CB23BD /* calculationNC.m */; };
		3A37183D1D49BDF9003446C4 /* searchCell.m in Sources */ = {isa = PBXBuildFile; fileRef = 3A37183C1D49BDF9003446C4 /* searchCell.m */; };
		3A37737A1D4CA22D000917E7 /* AdditionalsVC.m in Sources */ = {isa = PBXBuildFile; fileRef = 3A3773791D4CA22D000917E7 /* AdditionalsVC.m */; };
		3A37CFA71D50EA49005D101E /* bunkerNSO.m in Sources */ = {isa = PBXBuildFile; fileRef = 3A37CFA61D50EA49005D101E /* bunkerNSO.m */; };
		3A37CFAA1D50EA5B005D101E /* consumptionNSO.m in Sources */ = {isa = PBXBuildFile; fileRef = 3A37CFA91D50EA5B005D101E /* consumptionNSO.m */; };
		3A37CFAD1D50EA70005D101E /* resultNSO.m in Sources */ = {isa = PBXBuildFile; fileRef = 3A37CFAC1D50EA70005D101E /* resultNSO.m */; };
		3A37CFB01D50F03F005D101E /* timeNSO.m in Sources */ = {isa = PBXBuildFile; fileRef = 3A37CFAF1D50F03F005D101E /* timeNSO.m */; };
		3A454F261D544D9700DA72E3 /* Settings.bundle in Resources */ = {isa = PBXBuildFile; fileRef = 3A454F251D544D9700DA72E3 /* Settings.bundle */; };
		3A4ED01F1D49BEE300609696 /* cargoCell.m in Sources */ = {isa = PBXBuildFile; fileRef = 3A4ED01E1D49BEE300609696 /* cargoCell.m */; };
		3A4ED0231D49C3C200609696 /* calculationCell.m in Sources */ = {isa = PBXBuildFile; fileRef = 3A4ED0221D49C3C200609696 /* calculationCell.m */; };
		3A4ED0261D49C53300609696 /* cargoNSO.m in Sources */ = {isa = PBXBuildFile; fileRef = 3A4ED0251D49C53300609696 /* cargoNSO.m */; };
		3A4ED02A1D4A821900609696 /* dbManager.m in Sources */ = {isa = PBXBuildFile; fileRef = 3A4ED0291D4A821900609696 /* dbManager.m */; };
		3A520E231D416D7800D7DEC6 /* searchVC.m in Sources */ = {isa = PBXBuildFile; fileRef = 3A520E221D416D7800D7DEC6 /* searchVC.m */; };
		3ABC9F8F1D454A6700328249 /* Reachability.m in Sources */ = {isa = PBXBuildFile; fileRef = 3ABC9F8E1D454A6700328249 /* Reachability.m */; };
		3ABC9F921D466E5000328249 /* cargoVC.m in Sources */ = {isa = PBXBuildFile; fileRef = 3ABC9F911D466E5000328249 /* cargoVC.m */; };
		3ABC9F9F1D47B63800328249 /* listingItemNSO.m in Sources */ = {isa = PBXBuildFile; fileRef = 3ABC9F9E1D47B63800328249 /* listingItemNSO.m */; };
/* End PBXBuildFile section */

/* Begin PBXFileReference section */
		3A2744941D40156500CB23BD /* RoastChicken.app */ = {isa = PBXFileReference; explicitFileType = wrapper.application; includeInIndex = 0; path = RoastChicken.app; sourceTree = BUILT_PRODUCTS_DIR; };
		3A2744B51D40183000CB23BD /* libsqlite3.tbd */ = {isa = PBXFileReference; lastKnownFileType = "sourcecode.text-based-dylib-definition"; name = libsqlite3.tbd; path = usr/lib/libsqlite3.tbd; sourceTree = SDKROOT; };
		3A2744C61D412D1000CB23BD /* AppDelegate.h */ = {isa = PBXFileReference; fileEncoding = 4; lastKnownFileType = sourcecode.c.h; path = AppDelegate.h; sourceTree = "<group>"; };
		3A2744C71D412D1000CB23BD /* AppDelegate.m */ = {isa = PBXFileReference; fileEncoding = 4; lastKnownFileType = sourcecode.c.objc; path = AppDelegate.m; sourceTree = "<group>"; };
		3A2744C81D412D1000CB23BD /* Assets.xcassets */ = {isa = PBXFileReference; lastKnownFileType = folder.assetcatalog; path = Assets.xcassets; sourceTree = "<group>"; };
		3A2744CB1D412D1000CB23BD /* calculationListVC.h */ = {isa = PBXFileReference; fileEncoding = 4; lastKnownFileType = sourcecode.c.h; path = calculationListVC.h; sourceTree = "<group>"; };
		3A2744CC1D412D1000CB23BD /* calculationListVC.m */ = {isa = PBXFileReference; fileEncoding = 4; lastKnownFileType = sourcecode.c.objc; path = calculationListVC.m; sourceTree = "<group>"; };
		3A2744CD1D412D1000CB23BD /* calculationNSO.h */ = {isa = PBXFileReference; fileEncoding = 4; lastKnownFileType = sourcecode.c.h; path = calculationNSO.h; sourceTree = "<group>"; };
		3A2744CE1D412D1000CB23BD /* calculationNSO.m */ = {isa = PBXFileReference; fileEncoding = 4; lastKnownFileType = sourcecode.c.objc; path = calculationNSO.m; sourceTree = "<group>"; };
		3A2744D21D412D1000CB23BD /* LaunchScreen.storyboard */ = {isa = PBXFileReference; fileEncoding = 4; lastKnownFileType = file.storyboard; path = LaunchScreen.storyboard; sourceTree = "<group>"; };
		3A2744D31D412D1000CB23BD /* main.m */ = {isa = PBXFileReference; fileEncoding = 4; lastKnownFileType = sourcecode.c.objc; path = main.m; sourceTree = "<group>"; };
		3A2744D41D412D1000CB23BD /* Main.storyboard */ = {isa = PBXFileReference; fileEncoding = 4; lastKnownFileType = file.storyboard; path = Main.storyboard; sourceTree = "<group>"; };
		3A2744D51D412D1000CB23BD /* portNSO.h */ = {isa = PBXFileReference; fileEncoding = 4; lastKnownFileType = sourcecode.c.h; path = portNSO.h; sourceTree = "<group>"; };
		3A2744D61D412D1000CB23BD /* portNSO.m */ = {isa = PBXFileReference; fileEncoding = 4; lastKnownFileType = sourcecode.c.objc; path = portNSO.m; sourceTree = "<group>"; };
		3A2744D71D412D1000CB23BD /* vesselNSO.h */ = {isa = PBXFileReference; fileEncoding = 4; lastKnownFileType = sourcecode.c.h; path = vesselNSO.h; sourceTree = "<group>"; };
		3A2744D81D412D1000CB23BD /* vesselNSO.m */ = {isa = PBXFileReference; fileEncoding = 4; lastKnownFileType = sourcecode.c.objc; path = vesselNSO.m; sourceTree = "<group>"; };
		3A2744D91D412D1000CB23BD /* ViewController.h */ = {isa = PBXFileReference; fileEncoding = 4; lastKnownFileType = sourcecode.c.h; path = ViewController.h; sourceTree = "<group>"; };
		3A2744DA1D412D1000CB23BD /* ViewController.m */ = {isa = PBXFileReference; fileEncoding = 4; lastKnownFileType = sourcecode.c.objc; path = ViewController.m; sourceTree = "<group>"; };
		3A2744EB1D412D6C00CB23BD /* Default-568h@2x.png */ = {isa = PBXFileReference; lastKnownFileType = image.png; path = "Default-568h@2x.png"; sourceTree = "<group>"; };
		3A2744F01D412E7200CB23BD /* dbHelper.h */ = {isa = PBXFileReference; fileEncoding = 4; lastKnownFileType = sourcecode.c.h; path = dbHelper.h; sourceTree = "<group>"; };
		3A2744F11D412E7200CB23BD /* dbHelper.m */ = {isa = PBXFileReference; fileEncoding = 4; lastKnownFileType = sourcecode.c.objc; path = dbHelper.m; sourceTree = "<group>"; };
		3A2744F41D41300A00CB23BD /* Info.plist */ = {isa = PBXFileReference; fileEncoding = 4; lastKnownFileType = text.plist.xml; name = Info.plist; path = RoastChicken/Info.plist; sourceTree = "<group>"; };
		3A2744F61D4130AD00CB23BD /* calculationDetailVC.h */ = {isa = PBXFileReference; fileEncoding = 4; lastKnownFileType = sourcecode.c.h; path = calculationDetailVC.h; sourceTree = "<group>"; };
		3A2744F71D4130AD00CB23BD /* calculationDetailVC.m */ = {isa = PBXFileReference; fileEncoding = 4; lastKnownFileType = sourcecode.c.objc; path = calculationDetailVC.m; sourceTree = "<group>"; };
		3A2744F91D41318D00CB23BD /* calculationNC.h */ = {isa = PBXFileReference; fileEncoding = 4; lastKnownFileType = sourcecode.c.h; path = calculationNC.h; sourceTree = "<group>"; };
		3A2744FA1D41318D00CB23BD /* calculationNC.m */ = {isa = PBXFileReference; fileEncoding = 4; lastKnownFileType = sourcecode.c.objc; path = calculationNC.m; sourceTree = "<group>"; };
		3A37183B1D49BDF9003446C4 /* searchCell.h */ = {isa = PBXFileReference; fileEncoding = 4; lastKnownFileType = sourcecode.c.h; path = searchCell.h; sourceTree = "<group>"; };
		3A37183C1D49BDF9003446C4 /* searchCell.m */ = {isa = PBXFileReference; fileEncoding = 4; lastKnownFileType = sourcecode.c.objc; path = searchCell.m; sourceTree = "<group>"; };
		3A3773781D4CA22D000917E7 /* AdditionalsVC.h */ = {isa = PBXFileReference; fileEncoding = 4; lastKnownFileType = sourcecode.c.h; path = AdditionalsVC.h; sourceTree = "<group>"; };
		3A3773791D4CA22D000917E7 /* AdditionalsVC.m */ = {isa = PBXFileReference; fileEncoding = 4; lastKnownFileType = sourcecode.c.objc; path = AdditionalsVC.m; sourceTree = "<group>"; };
		3A37CFA51D50EA49005D101E /* bunkerNSO.h */ = {isa = PBXFileReference; fileEncoding = 4; lastKnownFileType = sourcecode.c.h; path = bunkerNSO.h; sourceTree = "<group>"; };
		3A37CFA61D50EA49005D101E /* bunkerNSO.m */ = {isa = PBXFileReference; fileEncoding = 4; lastKnownFileType = sourcecode.c.objc; path = bunkerNSO.m; sourceTree = "<group>"; };
		3A37CFA81D50EA5B005D101E /* consumptionNSO.h */ = {isa = PBXFileReference; fileEncoding = 4; lastKnownFileType = sourcecode.c.h; path = consumptionNSO.h; sourceTree = "<group>"; };
		3A37CFA91D50EA5B005D101E /* consumptionNSO.m */ = {isa = PBXFileReference; fileEncoding = 4; lastKnownFileType = sourcecode.c.objc; path = consumptionNSO.m; sourceTree = "<group>"; };
		3A37CFAB1D50EA70005D101E /* resultNSO.h */ = {isa = PBXFileReference; fileEncoding = 4; lastKnownFileType = sourcecode.c.h; path = resultNSO.h; sourceTree = "<group>"; };
		3A37CFAC1D50EA70005D101E /* resultNSO.m */ = {isa = PBXFileReference; fileEncoding = 4; lastKnownFileType = sourcecode.c.objc; path = resultNSO.m; sourceTree = "<group>"; };
		3A37CFAE1D50F03F005D101E /* timeNSO.h */ = {isa = PBXFileReference; fileEncoding = 4; lastKnownFileType = sourcecode.c.h; path = timeNSO.h; sourceTree = "<group>"; };
		3A37CFAF1D50F03F005D101E /* timeNSO.m */ = {isa = PBXFileReference; fileEncoding = 4; lastKnownFileType = sourcecode.c.objc; path = timeNSO.m; sourceTree = "<group>"; };
		3A454F251D544D9700DA72E3 /* Settings.bundle */ = {isa = PBXFileReference; lastKnownFileType = "wrapper.plug-in"; path = Settings.bundle; sourceTree = "<group>"; };
		3A4ED01D1D49BEE300609696 /* cargoCell.h */ = {isa = PBXFileReference; fileEncoding = 4; lastKnownFileType = sourcecode.c.h; path = cargoCell.h; sourceTree = "<group>"; };
		3A4ED01E1D49BEE300609696 /* cargoCell.m */ = {isa = PBXFileReference; fileEncoding = 4; lastKnownFileType = sourcecode.c.objc; path = cargoCell.m; sourceTree = "<group>"; };
		3A4ED0211D49C3C200609696 /* calculationCell.h */ = {isa = PBXFileReference; fileEncoding = 4; lastKnownFileType = sourcecode.c.h; path = calculationCell.h; sourceTree = "<group>"; };
		3A4ED0221D49C3C200609696 /* calculationCell.m */ = {isa = PBXFileReference; fileEncoding = 4; lastKnownFileType = sourcecode.c.objc; path = calculationCell.m; sourceTree = "<group>"; };
		3A4ED0241D49C53300609696 /* cargoNSO.h */ = {isa = PBXFileReference; fileEncoding = 4; lastKnownFileType = sourcecode.c.h; path = cargoNSO.h; sourceTree = "<group>"; };
		3A4ED0251D49C53300609696 /* cargoNSO.m */ = {isa = PBXFileReference; fileEncoding = 4; lastKnownFileType = sourcecode.c.objc; path = cargoNSO.m; sourceTree = "<group>"; };
		3A4ED0281D4A821900609696 /* dbManager.h */ = {isa = PBXFileReference; fileEncoding = 4; lastKnownFileType = sourcecode.c.h; path = dbManager.h; sourceTree = "<group>"; };
		3A4ED0291D4A821900609696 /* dbManager.m */ = {isa = PBXFileReference; fileEncoding = 4; lastKnownFileType = sourcecode.c.objc; path = dbManager.m; sourceTree = "<group>"; };
		3A520E211D416D7800D7DEC6 /* searchVC.h */ = {isa = PBXFileReference; fileEncoding = 4; lastKnownFileType = sourcecode.c.h; path = searchVC.h; sourceTree = "<group>"; };
		3A520E221D416D7800D7DEC6 /* searchVC.m */ = {isa = PBXFileReference; fileEncoding = 4; lastKnownFileType = sourcecode.c.objc; path = searchVC.m; sourceTree = "<group>"; };
		3ABC9F8D1D454A6700328249 /* Reachability.h */ = {isa = PBXFileReference; fileEncoding = 4; lastKnownFileType = sourcecode.c.h; path = Reachability.h; sourceTree = "<group>"; };
		3ABC9F8E1D454A6700328249 /* Reachability.m */ = {isa = PBXFileReference; fileEncoding = 4; lastKnownFileType = sourcecode.c.objc; path = Reachability.m; sourceTree = "<group>"; };
		3ABC9F901D466E5000328249 /* cargoVC.h */ = {isa = PBXFileReference; fileEncoding = 4; lastKnownFileType = sourcecode.c.h; path = cargoVC.h; sourceTree = "<group>"; };
		3ABC9F911D466E5000328249 /* cargoVC.m */ = {isa = PBXFileReference; fileEncoding = 4; lastKnownFileType = sourcecode.c.objc; path = cargoVC.m; sourceTree = "<group>"; };
		3ABC9F9D1D47B63800328249 /* listingItemNSO.h */ = {isa = PBXFileReference; fileEncoding = 4; lastKnownFileType = sourcecode.c.h; path = listingItemNSO.h; sourceTree = "<group>"; };
		3ABC9F9E1D47B63800328249 /* listingItemNSO.m */ = {isa = PBXFileReference; fileEncoding = 4; lastKnownFileType = sourcecode.c.objc; path = listingItemNSO.m; sourceTree = "<group>"; };
/* End PBXFileReference section */

/* Begin PBXFrameworksBuildPhase section */
		3A2744911D40156500CB23BD /* Frameworks */ = {
			isa = PBXFrameworksBuildPhase;
			buildActionMask = 2147483647;
			files = (
				3A2744B61D40183000CB23BD /* libsqlite3.tbd in Frameworks */,
			);
			runOnlyForDeploymentPostprocessing = 0;
		};
/* End PBXFrameworksBuildPhase section */

/* Begin PBXGroup section */
		3A27448B1D40156500CB23BD = {
			isa = PBXGroup;
			children = (
				3A2744F31D412FA500CB23BD /* RoastChicken */,
				3A2744951D40156500CB23BD /* Products */,
				3A2744B41D40183000CB23BD /* Frameworks */,
			);
			sourceTree = "<group>";
		};
		3A2744951D40156500CB23BD /* Products */ = {
			isa = PBXGroup;
			children = (
				3A2744941D40156500CB23BD /* RoastChicken.app */,
			);
			name = Products;
			sourceTree = "<group>";
		};
		3A2744B41D40183000CB23BD /* Frameworks */ = {
			isa = PBXGroup;
			children = (
				3A2744B51D40183000CB23BD /* libsqlite3.tbd */,
			);
			name = Frameworks;
			sourceTree = "<group>";
		};
		3A2744F31D412FA500CB23BD /* RoastChicken */ = {
			isa = PBXGroup;
			children = (
				3A4ED0271D49C75F00609696 /* ViewControllers */,
				3A4ED0201D49C37B00609696 /* Cells */,
				3ABC9F9C1D4671E400328249 /* NSObjects */,
				3A2744D41D412D1000CB23BD /* Main.storyboard */,
				3A2744EB1D412D6C00CB23BD /* Default-568h@2x.png */,
				3A2744C61D412D1000CB23BD /* AppDelegate.h */,
				3A2744C71D412D1000CB23BD /* AppDelegate.m */,
				3A4ED0281D4A821900609696 /* dbManager.h */,
				3A4ED0291D4A821900609696 /* dbManager.m */,
				3A2744F01D412E7200CB23BD /* dbHelper.h */,
				3A2744F11D412E7200CB23BD /* dbHelper.m */,
				3A2744F91D41318D00CB23BD /* calculationNC.h */,
				3A2744FA1D41318D00CB23BD /* calculationNC.m */,
				3A2744D21D412D1000CB23BD /* LaunchScreen.storyboard */,
				3A2744D31D412D1000CB23BD /* main.m */,
				3A2744D91D412D1000CB23BD /* ViewController.h */,
				3A2744DA1D412D1000CB23BD /* ViewController.m */,
				3A2744C81D412D1000CB23BD /* Assets.xcassets */,
				3A2744F41D41300A00CB23BD /* Info.plist */,
				3ABC9F8C1D454A5B00328249 /* 3rdParty */,
				3A454F251D544D9700DA72E3 /* Settings.bundle */,
			);
			name = RoastChicken;
			sourceTree = "<group>";
		};
		3A4ED0201D49C37B00609696 /* Cells */ = {
			isa = PBXGroup;
			children = (
				3A37183B1D49BDF9003446C4 /* searchCell.h */,
				3A37183C1D49BDF9003446C4 /* searchCell.m */,
				3A4ED01D1D49BEE300609696 /* cargoCell.h */,
				3A4ED01E1D49BEE300609696 /* cargoCell.m */,
				3A4ED0211D49C3C200609696 /* calculationCell.h */,
				3A4ED0221D49C3C200609696 /* calculationCell.m */,
			);
			name = Cells;
			sourceTree = "<group>";
		};
		3A4ED0271D49C75F00609696 /* ViewControllers */ = {
			isa = PBXGroup;
			children = (
				3A2744CB1D412D1000CB23BD /* calculationListVC.h */,
				3A2744CC1D412D1000CB23BD /* calculationListVC.m */,
				3ABC9F901D466E5000328249 /* cargoVC.h */,
				3ABC9F911D466E5000328249 /* cargoVC.m */,
				3A520E211D416D7800D7DEC6 /* searchVC.h */,
				3A520E221D416D7800D7DEC6 /* searchVC.m */,
				3A2744F61D4130AD00CB23BD /* calculationDetailVC.h */,
				3A2744F71D4130AD00CB23BD /* calculationDetailVC.m */,
				3A3773781D4CA22D000917E7 /* AdditionalsVC.h */,
				3A3773791D4CA22D000917E7 /* AdditionalsVC.m */,
			);
			name = ViewControllers;
			sourceTree = "<group>";
		};
		3ABC9F8C1D454A5B00328249 /* 3rdParty */ = {
			isa = PBXGroup;
			children = (
				3ABC9F8D1D454A6700328249 /* Reachability.h */,
				3ABC9F8E1D454A6700328249 /* Reachability.m */,
			);
			name = 3rdParty;
			sourceTree = "<group>";
		};
		3ABC9F9C1D4671E400328249 /* NSObjects */ = {
			isa = PBXGroup;
			children = (
				3A2744CD1D412D1000CB23BD /* calculationNSO.h */,
				3A2744CE1D412D1000CB23BD /* calculationNSO.m */,
				3A2744D51D412D1000CB23BD /* portNSO.h */,
				3A2744D61D412D1000CB23BD /* portNSO.m */,
				3A2744D71D412D1000CB23BD /* vesselNSO.h */,
				3A2744D81D412D1000CB23BD /* vesselNSO.m */,
				3ABC9F9D1D47B63800328249 /* listingItemNSO.h */,
				3ABC9F9E1D47B63800328249 /* listingItemNSO.m */,
				3A4ED0241D49C53300609696 /* cargoNSO.h */,
				3A4ED0251D49C53300609696 /* cargoNSO.m */,
				3A37CFA51D50EA49005D101E /* bunkerNSO.h */,
				3A37CFA61D50EA49005D101E /* bunkerNSO.m */,
				3A37CFA81D50EA5B005D101E /* consumptionNSO.h */,
				3A37CFA91D50EA5B005D101E /* consumptionNSO.m */,
				3A37CFAB1D50EA70005D101E /* resultNSO.h */,
				3A37CFAC1D50EA70005D101E /* resultNSO.m */,
				3A37CFAE1D50F03F005D101E /* timeNSO.h */,
				3A37CFAF1D50F03F005D101E /* timeNSO.m */,
			);
			name = NSObjects;
			sourceTree = "<group>";
		};
/* End PBXGroup section */

/* Begin PBXNativeTarget section */
		3A2744931D40156500CB23BD /* RoastChicken */ = {
			isa = PBXNativeTarget;
			buildConfigurationList = 3A2744AE1D40156500CB23BD /* Build configuration list for PBXNativeTarget "RoastChicken" */;
			buildPhases = (
				3A2744901D40156500CB23BD /* Sources */,
				3A2744911D40156500CB23BD /* Frameworks */,
				3A2744921D40156500CB23BD /* Resources */,
			);
			buildRules = (
			);
			dependencies = (
			);
			name = RoastChicken;
			productName = RoastChicken;
			productReference = 3A2744941D40156500CB23BD /* RoastChicken.app */;
			productType = "com.apple.product-type.application";
		};
/* End PBXNativeTarget section */

/* Begin PBXProject section */
		3A27448C1D40156500CB23BD /* Project object */ = {
			isa = PBXProject;
			attributes = {
				LastUpgradeCheck = 0800;
				ORGANIZATIONNAME = "andrew glew";
				TargetAttributes = {
					3A2744931D40156500CB23BD = {
						CreatedOnToolsVersion = 8.0;
						DevelopmentTeam = 6QW2ZP6GTA;
						DevelopmentTeamName = "Andrew glew";
						ProvisioningStyle = Automatic;
					};
				};
			};
			buildConfigurationList = 3A27448F1D40156500CB23BD /* Build configuration list for PBXProject "RoastChicken" */;
			compatibilityVersion = "Xcode 3.2";
			developmentRegion = English;
			hasScannedForEncodings = 0;
			knownRegions = (
				en,
				Base,
			);
			mainGroup = 3A27448B1D40156500CB23BD;
			productRefGroup = 3A2744951D40156500CB23BD /* Products */;
			projectDirPath = "";
			projectRoot = "";
			targets = (
				3A2744931D40156500CB23BD /* RoastChicken */,
			);
		};
/* End PBXProject section */

/* Begin PBXResourcesBuildPhase section */
		3A2744921D40156500CB23BD /* Resources */ = {
			isa = PBXResourcesBuildPhase;
			buildActionMask = 2147483647;
			files = (
				3A2744E21D412D1000CB23BD /* LaunchScreen.storyboard in Resources */,
				3A2744DC1D412D1000CB23BD /* Assets.xcassets in Resources */,
				3A2744EC1D412D6C00CB23BD /* Default-568h@2x.png in Resources */,
				3A2744F51D41300A00CB23BD /* Info.plist in Resources */,
				3A454F261D544D9700DA72E3 /* Settings.bundle in Resources */,
				3A2744E41D412D1000CB23BD /* Main.storyboard in Resources */,
			);
			runOnlyForDeploymentPostprocessing = 0;
		};
/* End PBXResourcesBuildPhase section */

/* Begin PBXSourcesBuildPhase section */
		3A2744901D40156500CB23BD /* Sources */ = {
			isa = PBXSourcesBuildPhase;
			buildActionMask = 2147483647;
			files = (
				3A2744FB1D41318D00CB23BD /* calculationNC.m in Sources */,
				3ABC9F9F1D47B63800328249 /* listingItemNSO.m in Sources */,
				3A4ED01F1D49BEE300609696 /* cargoCell.m in Sources */,
				3A37737A1D4CA22D000917E7 /* AdditionalsVC.m in Sources */,
				3A2744E71D412D1000CB23BD /* ViewController.m in Sources */,
				3A2744E61D412D1000CB23BD /* vesselNSO.m in Sources */,
				3ABC9F8F1D454A6700328249 /* Reachability.m in Sources */,
				3A4ED0231D49C3C200609696 /* calculationCell.m in Sources */,
				3A520E231D416D7800D7DEC6 /* searchVC.m in Sources */,
				3A2744F21D412E7200CB23BD /* dbHelper.m in Sources */,
				3A2744DB1D412D1000CB23BD /* AppDelegate.m in Sources */,
				3A37CFB01D50F03F005D101E /* timeNSO.m in Sources */,
				3A4ED02A1D4A821900609696 /* dbManager.m in Sources */,
				3A2744E51D412D1000CB23BD /* portNSO.m in Sources */,
				3A37CFA71D50EA49005D101E /* bunkerNSO.m in Sources */,
				3A2744DF1D412D1000CB23BD /* calculationNSO.m in Sources */,
				3A2744DE1D412D1000CB23BD /* calculationListVC.m in Sources */,
				3A4ED0261D49C53300609696 /* cargoNSO.m in Sources */,
				3A2744E31D412D1000CB23BD /* main.m in Sources */,
				3A37CFAD1D50EA70005D101E /* resultNSO.m in Sources */,
				3ABC9F921D466E5000328249 /* cargoVC.m in Sources */,
				3A2744F81D4130AD00CB23BD /* calculationDetailVC.m in Sources */,
				3A37CFAA1D50EA5B005D101E /* consumptionNSO.m in Sources */,
				3A37183D1D49BDF9003446C4 /* searchCell.m in Sources */,
			);
			runOnlyForDeploymentPostprocessing = 0;
		};
/* End PBXSourcesBuildPhase section */

/* Begin XCBuildConfiguration section */
		3A2744AC1D40156500CB23BD /* Debug */ = {
			isa = XCBuildConfiguration;
			buildSettings = {
				ALWAYS_SEARCH_USER_PATHS = NO;
				CLANG_ANALYZER_NONNULL = YES;
				CLANG_CXX_LANGUAGE_STANDARD = "gnu++0x";
				CLANG_CXX_LIBRARY = "libc++";
				CLANG_ENABLE_MODULES = YES;
				CLANG_ENABLE_OBJC_ARC = YES;
				CLANG_WARN_BOOL_CONVERSION = YES;
				CLANG_WARN_CONSTANT_CONVERSION = YES;
				CLANG_WARN_DIRECT_OBJC_ISA_USAGE = YES_ERROR;
				CLANG_WARN_DOCUMENTATION_COMMENTS = YES;
				CLANG_WARN_EMPTY_BODY = YES;
				CLANG_WARN_ENUM_CONVERSION = YES;
				CLANG_WARN_INT_CONVERSION = YES;
				CLANG_WARN_OBJC_ROOT_CLASS = YES_ERROR;
				CLANG_WARN_UNREACHABLE_CODE = YES;
				CLANG_WARN__DUPLICATE_METHOD_MATCH = YES;
				"CODE_SIGN_IDENTITY[sdk=iphoneos*]" = "iPhone Developer";
				COPY_PHASE_STRIP = NO;
				DEBUG_INFORMATION_FORMAT = dwarf;
				ENABLE_STRICT_OBJC_MSGSEND = YES;
				ENABLE_TESTABILITY = YES;
				GCC_C_LANGUAGE_STANDARD = gnu99;
				GCC_DYNAMIC_NO_PIC = NO;
				GCC_NO_COMMON_BLOCKS = YES;
				GCC_OPTIMIZATION_LEVEL = 0;
				GCC_PREPROCESSOR_DEFINITIONS = (
					"DEBUG=1",
					"$(inherited)",
				);
				GCC_WARN_64_TO_32_BIT_CONVERSION = YES;
				GCC_WARN_ABOUT_RETURN_TYPE = YES_ERROR;
				GCC_WARN_UNDECLARED_SELECTOR = YES;
				GCC_WARN_UNINITIALIZED_AUTOS = YES_AGGRESSIVE;
				GCC_WARN_UNUSED_FUNCTION = YES;
				GCC_WARN_UNUSED_VARIABLE = YES;
				IPHONEOS_DEPLOYMENT_TARGET = 9.3;
				MTL_ENABLE_DEBUG_INFO = YES;
				ONLY_ACTIVE_ARCH = YES;
				SDKROOT = iphoneos;
			};
			name = Debug;
		};
		3A2744AD1D40156500CB23BD /* Release */ = {
			isa = XCBuildConfiguration;
			buildSettings = {
				ALWAYS_SEARCH_USER_PATHS = NO;
				CLANG_ANALYZER_NONNULL = YES;
				CLANG_CXX_LANGUAGE_STANDARD = "gnu++0x";
				CLANG_CXX_LIBRARY = "libc++";
				CLANG_ENABLE_MODULES = YES;
				CLANG_ENABLE_OBJC_ARC = YES;
				CLANG_WARN_BOOL_CONVERSION = YES;
				CLANG_WARN_CONSTANT_CONVERSION = YES;
				CLANG_WARN_DIRECT_OBJC_ISA_USAGE = YES_ERROR;
				CLANG_WARN_DOCUMENTATION_COMMENTS = YES;
				CLANG_WARN_EMPTY_BODY = YES;
				CLANG_WARN_ENUM_CONVERSION = YES;
				CLANG_WARN_INT_CONVERSION = YES;
				CLANG_WARN_OBJC_ROOT_CLASS = YES_ERROR;
				CLANG_WARN_UNREACHABLE_CODE = YES;
				CLANG_WARN__DUPLICATE_METHOD_MATCH = YES;
				"CODE_SIGN_IDENTITY[sdk=iphoneos*]" = "iPhone Developer";
				COPY_PHASE_STRIP = NO;
				DEBUG_INFORMATION_FORMAT = "dwarf-with-dsym";
				ENABLE_NS_ASSERTIONS = NO;
				ENABLE_STRICT_OBJC_MSGSEND = YES;
				GCC_C_LANGUAGE_STANDARD = gnu99;
				GCC_NO_COMMON_BLOCKS = YES;
				GCC_WARN_64_TO_32_BIT_CONVERSION = YES;
				GCC_WARN_ABOUT_RETURN_TYPE = YES_ERROR;
				GCC_WARN_UNDECLARED_SELECTOR = YES;
				GCC_WARN_UNINITIALIZED_AUTOS = YES_AGGRESSIVE;
				GCC_WARN_UNUSED_FUNCTION = YES;
				GCC_WARN_UNUSED_VARIABLE = YES;
				IPHONEOS_DEPLOYMENT_TARGET = 9.3;
				MTL_ENABLE_DEBUG_INFO = NO;
				SDKROOT = iphoneos;
				VALIDATE_PRODUCT = YES;
			};
			name = Release;
		};
		3A2744AF1D40156500CB23BD /* Debug */ = {
			isa = XCBuildConfiguration;
			buildSettings = {
				ASSETCATALOG_COMPILER_APPICON_NAME = AppIcon;
				INFOPLIST_FILE = RoastChicken/Info.plist;
				LD_RUNPATH_SEARCH_PATHS = "$(inherited) @executable_path/Frameworks";
				PRODUCT_BUNDLE_IDENTIFIER = APMMT.RoastChicken;
				PRODUCT_NAME = "$(TARGET_NAME)";
			};
			name = Debug;
		};
		3A2744B01D40156500CB23BD /* Release */ = {
			isa = XCBuildConfiguration;
			buildSettings = {
				ASSETCATALOG_COMPILER_APPICON_NAME = AppIcon;
				INFOPLIST_FILE = RoastChicken/Info.plist;
				LD_RUNPATH_SEARCH_PATHS = "$(inherited) @executable_path/Frameworks";
				PRODUCT_BUNDLE_IDENTIFIER = APMMT.RoastChicken;
				PRODUCT_NAME = "$(TARGET_NAME)";
			};
			name = Release;
		};
/* End XCBuildConfiguration section */

/* Begin XCConfigurationList section */
		3A27448F1D40156500CB23BD /* Build configuration list for PBXProject "RoastChicken" */ = {
			isa = XCConfigurationList;
			buildConfigurations = (
				3A2744AC1D40156500CB23BD /* Debug */,
				3A2744AD1D40156500CB23BD /* Release */,
			);
			defaultConfigurationIsVisible = 0;
			defaultConfigurationName = Release;
		};
		3A2744AE1D40156500CB23BD /* Build configuration list for PBXNativeTarget "RoastChicken" */ = {
			isa = XCConfigurationList;
			buildConfigurations = (
				3A2744AF1D40156500CB23BD /* Debug */,
				3A2744B01D40156500CB23BD /* Release */,
			);
			defaultConfigurationIsVisible = 0;
			defaultConfigurationName = Release;
		};
/* End XCConfigurationList section */
	};
	rootObject = 3A27448C1D40156500CB23BD /* Project object */;
}
